// !$*UTF8*$!
{
	archiveVersion = 1;
	classes = {
	};
	objectVersion = 50;
	objects = {

/* Begin PBXBuildFile section */
		567F2556A80B796B534485D6 /* Pods_SmartListIOSUITests.framework in Frameworks */ = {isa = PBXBuildFile; fileRef = 329F39389BAC4221994C6501 /* Pods_SmartListIOSUITests.framework */; };
		8400D28F21D1859E0070BDD6 /* Model.swift in Sources */ = {isa = PBXBuildFile; fileRef = 8400D28E21D1859E0070BDD6 /* Model.swift */; };
		8400D29321D18EC70070BDD6 /* ModelFirebase.swift in Sources */ = {isa = PBXBuildFile; fileRef = 8400D29221D18EC70070BDD6 /* ModelFirebase.swift */; };
		8400D29521D18F300070BDD6 /* IModel.swift in Sources */ = {isa = PBXBuildFile; fileRef = 8400D29421D18F300070BDD6 /* IModel.swift */; };
		8416E42F220385ED0032CB52 /* ModelNotification.swift in Sources */ = {isa = PBXBuildFile; fileRef = 8416E42E220385ED0032CB52 /* ModelNotification.swift */; };
		8416E43122038D410032CB52 /* ModelSqlDatabase.swift in Sources */ = {isa = PBXBuildFile; fileRef = 8416E43022038D410032CB52 /* ModelSqlDatabase.swift */; };
		8416E436220393C80032CB52 /* libsqlite3.0.tbd in Frameworks */ = {isa = PBXBuildFile; fileRef = 8416E435220393C80032CB52 /* libsqlite3.0.tbd */; };
		8416E4382203AF730032CB52 /* ModelFirebaseDatabase.swift in Sources */ = {isa = PBXBuildFile; fileRef = 8416E4372203AF730032CB52 /* ModelFirebaseDatabase.swift */; };
		8416E43A2203BDEF0032CB52 /* ModelSQL.swift in Sources */ = {isa = PBXBuildFile; fileRef = 8416E4392203BDEF0032CB52 /* ModelSQL.swift */; };
		8416E43C2203C1720032CB52 /* LastUpdateDates.swift in Sources */ = {isa = PBXBuildFile; fileRef = 8416E43B2203C1720032CB52 /* LastUpdateDates.swift */; };
		8428D8B72221F39E00DCA44D /* NewGroupViewController.swift in Sources */ = {isa = PBXBuildFile; fileRef = 8428D8B62221F39E00DCA44D /* NewGroupViewController.swift */; };
		8429CA8D222322410048E1A3 /* GroupDetailsViewController.swift in Sources */ = {isa = PBXBuildFile; fileRef = 8429CA8C222322410048E1A3 /* GroupDetailsViewController.swift */; };
		8429CA8F222327120048E1A3 /* ChecklistsViewController.swift in Sources */ = {isa = PBXBuildFile; fileRef = 8429CA8E222327120048E1A3 /* ChecklistsViewController.swift */; };
		844792B52232713A005FC1FA /* MostGroupsListTableViewController.swift in Sources */ = {isa = PBXBuildFile; fileRef = 844792B42232713A005FC1FA /* MostGroupsListTableViewController.swift */; };
		844792B7223271A0005FC1FA /* MyGroupsListTableViewController.swift in Sources */ = {isa = PBXBuildFile; fileRef = 844792B6223271A0005FC1FA /* MyGroupsListTableViewController.swift */; };
		844792BB22327456005FC1FA /* GroupsTabViewController.swift in Sources */ = {isa = PBXBuildFile; fileRef = 844792BA22327456005FC1FA /* GroupsTabViewController.swift */; };
		844792BD2232811B005FC1FA /* LoggedUser.swift in Sources */ = {isa = PBXBuildFile; fileRef = 844792BC2232811B005FC1FA /* LoggedUser.swift */; };
		84558B3121B32FC8005C3978 /* AppDelegate.swift in Sources */ = {isa = PBXBuildFile; fileRef = 84558B3021B32FC8005C3978 /* AppDelegate.swift */; };
		84558B3621B32FC8005C3978 /* Main.storyboard in Resources */ = {isa = PBXBuildFile; fileRef = 84558B3421B32FC8005C3978 /* Main.storyboard */; };
		84558B3821B32FCA005C3978 /* Assets.xcassets in Resources */ = {isa = PBXBuildFile; fileRef = 84558B3721B32FCA005C3978 /* Assets.xcassets */; };
		84558B3B21B32FCA005C3978 /* LaunchScreen.storyboard in Resources */ = {isa = PBXBuildFile; fileRef = 84558B3921B32FCA005C3978 /* LaunchScreen.storyboard */; };
		84558B4621B32FCA005C3978 /* SmartListIOSTests.swift in Sources */ = {isa = PBXBuildFile; fileRef = 84558B4521B32FCA005C3978 /* SmartListIOSTests.swift */; };
		84558B5121B32FCA005C3978 /* SmartListIOSUITests.swift in Sources */ = {isa = PBXBuildFile; fileRef = 84558B5021B32FCA005C3978 /* SmartListIOSUITests.swift */; };
		84558B6121B33C28005C3978 /* HomePageViewController.swift in Sources */ = {isa = PBXBuildFile; fileRef = 84558B5E21B33C28005C3978 /* HomePageViewController.swift */; };
		84558B6221B33C28005C3978 /* SignInViewController.swift in Sources */ = {isa = PBXBuildFile; fileRef = 84558B5F21B33C28005C3978 /* SignInViewController.swift */; };
		84558B6321B33C28005C3978 /* RegisterUserViewController.swift in Sources */ = {isa = PBXBuildFile; fileRef = 84558B6021B33C28005C3978 /* RegisterUserViewController.swift */; };
		8461A3C02200C2ED0020AF92 /* BaseModelObject.swift in Sources */ = {isa = PBXBuildFile; fileRef = 8461A3BC2200C2ED0020AF92 /* BaseModelObject.swift */; };
		8461A3C12200C2ED0020AF92 /* Groups.swift in Sources */ = {isa = PBXBuildFile; fileRef = 8461A3BD2200C2ED0020AF92 /* Groups.swift */; };
		8461A3C22200C2ED0020AF92 /* GroupUsers.swift in Sources */ = {isa = PBXBuildFile; fileRef = 8461A3BE2200C2ED0020AF92 /* GroupUsers.swift */; };
		8461A3C32200C2ED0020AF92 /* Users.swift in Sources */ = {isa = PBXBuildFile; fileRef = 8461A3BF2200C2ED0020AF92 /* Users.swift */; };
		846BED4A21CF6AD80046DA0F /* GoogleService-Info.plist in Resources */ = {isa = PBXBuildFile; fileRef = 846BED4921CF6AD80046DA0F /* GoogleService-Info.plist */; };
		84703EE0223551DB00DB2711 /* ReportedChecklistsViewController.swift in Sources */ = {isa = PBXBuildFile; fileRef = 84703EDF223551DB00DB2711 /* ReportedChecklistsViewController.swift */; };
		84703EE2223577F900DB2711 /* ChecklistsTabViewController.swift in Sources */ = {isa = PBXBuildFile; fileRef = 84703EE1223577F900DB2711 /* ChecklistsTabViewController.swift */; };
		84714B8C22346349002296E8 /* ModelSQLChecklists.swift in Sources */ = {isa = PBXBuildFile; fileRef = 84714B8B22346349002296E8 /* ModelSQLChecklists.swift */; };
		84714B8E22346E67002296E8 /* DataObjectFactory.swift in Sources */ = {isa = PBXBuildFile; fileRef = 84714B8D22346E67002296E8 /* DataObjectFactory.swift */; };
		84762985222B434A00006358 /* ChecklistsTableViewCell.swift in Sources */ = {isa = PBXBuildFile; fileRef = 84762984222B434A00006358 /* ChecklistsTableViewCell.swift */; };
		847ADFFC220A436600B1CB09 /* GroupsTableViewCell.swift in Sources */ = {isa = PBXBuildFile; fileRef = 847ADFFB220A436600B1CB09 /* GroupsTableViewCell.swift */; };
		848037A1223702DB002EF536 /* ModelSQLChecklistItems.swift in Sources */ = {isa = PBXBuildFile; fileRef = 848037A0223702DB002EF536 /* ModelSQLChecklistItems.swift */; };
		848037A4223708DC002EF536 /* ChecklistItemsViewController.swift in Sources */ = {isa = PBXBuildFile; fileRef = 848037A3223708DC002EF536 /* ChecklistItemsViewController.swift */; };
		848037A6223774E2002EF536 /* ChecklistItemsTableViewCell.swift in Sources */ = {isa = PBXBuildFile; fileRef = 848037A5223774E2002EF536 /* ChecklistItemsTableViewCell.swift */; };
		849EA8D0222729D400B0C3C6 /* Checklists.swift in Sources */ = {isa = PBXBuildFile; fileRef = 849EA8CF222729D400B0C3C6 /* Checklists.swift */; };
		849EA8D2222729F500B0C3C6 /* ChecklistItems.swift in Sources */ = {isa = PBXBuildFile; fileRef = 849EA8D1222729F500B0C3C6 /* ChecklistItems.swift */; };
		849EA8D422272B3900B0C3C6 /* Attributes.swift in Sources */ = {isa = PBXBuildFile; fileRef = 849EA8D322272B3900B0C3C6 /* Attributes.swift */; };
		849EA8D622273B1500B0C3C6 /* UIImage.swift in Sources */ = {isa = PBXBuildFile; fileRef = 849EA8D522273B1500B0C3C6 /* UIImage.swift */; };
		84CFC96321D231B1007DC3EC /* FirebaseUsersManager.swift in Sources */ = {isa = PBXBuildFile; fileRef = 84CFC96221D231B1007DC3EC /* FirebaseUsersManager.swift */; };
		84CFC96721D266B1007DC3EC /* Utils.swift in Sources */ = {isa = PBXBuildFile; fileRef = 84CFC96621D266B1007DC3EC /* Utils.swift */; };
		84CFC96921D268AC007DC3EC /* Indicator.swift in Sources */ = {isa = PBXBuildFile; fileRef = 84CFC96821D268AC007DC3EC /* Indicator.swift */; };
		84CFC96D21D28A82007DC3EC /* PrivateChecklistsViewController.swift in Sources */ = {isa = PBXBuildFile; fileRef = 84CFC96C21D28A82007DC3EC /* PrivateChecklistsViewController.swift */; };
		84CFC97221D28BAD007DC3EC /* GroupsListTableViewController.swift in Sources */ = {isa = PBXBuildFile; fileRef = 84CFC97121D28BAD007DC3EC /* GroupsListTableViewController.swift */; };
		84DF5A672209A11A00A92AB2 /* ModelSQLFactory.swift in Sources */ = {isa = PBXBuildFile; fileRef = 84DF5A662209A11A00A92AB2 /* ModelSQLFactory.swift */; };
		84DF5A692209A58E00A92AB2 /* ModelSQLGroups.swift in Sources */ = {isa = PBXBuildFile; fileRef = 84DF5A682209A58E00A92AB2 /* ModelSQLGroups.swift */; };
		84DF5A6B2209A75700A92AB2 /* IModelSQL.swift in Sources */ = {isa = PBXBuildFile; fileRef = 84DF5A6A2209A75700A92AB2 /* IModelSQL.swift */; };
		86777E48E7BC53071A22AF8A /* Pods_SmartListIOS.framework in Frameworks */ = {isa = PBXBuildFile; fileRef = 5ACE6054430ACA5251CAB63C /* Pods_SmartListIOS.framework */; };
		8BC5CDECD1B010562E03C30E /* Pods_SmartListIOSTests.framework in Frameworks */ = {isa = PBXBuildFile; fileRef = 7D0DAF9D2596AD18059745EF /* Pods_SmartListIOSTests.framework */; };
/* End PBXBuildFile section */

/* Begin PBXContainerItemProxy section */
		84558B4221B32FCA005C3978 /* PBXContainerItemProxy */ = {
			isa = PBXContainerItemProxy;
			containerPortal = 84558B2521B32FC7005C3978 /* Project object */;
			proxyType = 1;
			remoteGlobalIDString = 84558B2C21B32FC7005C3978;
			remoteInfo = SmartListIOS;
		};
		84558B4D21B32FCA005C3978 /* PBXContainerItemProxy */ = {
			isa = PBXContainerItemProxy;
			containerPortal = 84558B2521B32FC7005C3978 /* Project object */;
			proxyType = 1;
			remoteGlobalIDString = 84558B2C21B32FC7005C3978;
			remoteInfo = SmartListIOS;
		};
/* End PBXContainerItemProxy section */

/* Begin PBXFileReference section */
		00BE77694E1393489B99546B /* Pods-SmartListIOSUITests.release.xcconfig */ = {isa = PBXFileReference; includeInIndex = 1; lastKnownFileType = text.xcconfig; name = "Pods-SmartListIOSUITests.release.xcconfig"; path = "Pods/Target Support Files/Pods-SmartListIOSUITests/Pods-SmartListIOSUITests.release.xcconfig"; sourceTree = "<group>"; };
		15007024304768B87875BC2F /* Pods-SmartListIOSTests.release.xcconfig */ = {isa = PBXFileReference; includeInIndex = 1; lastKnownFileType = text.xcconfig; name = "Pods-SmartListIOSTests.release.xcconfig"; path = "Pods/Target Support Files/Pods-SmartListIOSTests/Pods-SmartListIOSTests.release.xcconfig"; sourceTree = "<group>"; };
		1B57125E28EAB7396195523A /* Pods-SmartListIOSTests.debug.xcconfig */ = {isa = PBXFileReference; includeInIndex = 1; lastKnownFileType = text.xcconfig; name = "Pods-SmartListIOSTests.debug.xcconfig"; path = "Pods/Target Support Files/Pods-SmartListIOSTests/Pods-SmartListIOSTests.debug.xcconfig"; sourceTree = "<group>"; };
		329F39389BAC4221994C6501 /* Pods_SmartListIOSUITests.framework */ = {isa = PBXFileReference; explicitFileType = wrapper.framework; includeInIndex = 0; path = Pods_SmartListIOSUITests.framework; sourceTree = BUILT_PRODUCTS_DIR; };
		5ACE6054430ACA5251CAB63C /* Pods_SmartListIOS.framework */ = {isa = PBXFileReference; explicitFileType = wrapper.framework; includeInIndex = 0; path = Pods_SmartListIOS.framework; sourceTree = BUILT_PRODUCTS_DIR; };
		5F486E37D411C215B6FD3D19 /* Pods-SmartListIOS.release.xcconfig */ = {isa = PBXFileReference; includeInIndex = 1; lastKnownFileType = text.xcconfig; name = "Pods-SmartListIOS.release.xcconfig"; path = "Pods/Target Support Files/Pods-SmartListIOS/Pods-SmartListIOS.release.xcconfig"; sourceTree = "<group>"; };
		7D0DAF9D2596AD18059745EF /* Pods_SmartListIOSTests.framework */ = {isa = PBXFileReference; explicitFileType = wrapper.framework; includeInIndex = 0; path = Pods_SmartListIOSTests.framework; sourceTree = BUILT_PRODUCTS_DIR; };
		8400D28E21D1859E0070BDD6 /* Model.swift */ = {isa = PBXFileReference; lastKnownFileType = sourcecode.swift; name = Model.swift; path = SmartListIOS/Model/Model.swift; sourceTree = SOURCE_ROOT; };
		8400D29221D18EC70070BDD6 /* ModelFirebase.swift */ = {isa = PBXFileReference; lastKnownFileType = sourcecode.swift; name = ModelFirebase.swift; path = "SmartListIOS/New Group/Firebase/ModelFirebase.swift"; sourceTree = SOURCE_ROOT; };
		8400D29421D18F300070BDD6 /* IModel.swift */ = {isa = PBXFileReference; lastKnownFileType = sourcecode.swift; name = IModel.swift; path = SmartListIOS/Model/IModel.swift; sourceTree = SOURCE_ROOT; };
		8416E42E220385ED0032CB52 /* ModelNotification.swift */ = {isa = PBXFileReference; lastKnownFileType = sourcecode.swift; name = ModelNotification.swift; path = SmartListIOS/Model/ModelNotification.swift; sourceTree = SOURCE_ROOT; };
		8416E43022038D410032CB52 /* ModelSqlDatabase.swift */ = {isa = PBXFileReference; lastKnownFileType = sourcecode.swift; name = ModelSqlDatabase.swift; path = "SmartListIOS/New Group/SQLite/ModelSqlDatabase.swift"; sourceTree = SOURCE_ROOT; };
		8416E432220390590032CB52 /* SmartList-Bridging-Header.h */ = {isa = PBXFileReference; lastKnownFileType = sourcecode.c.h; path = "SmartList-Bridging-Header.h"; sourceTree = "<group>"; };
		8416E433220393960032CB52 /* libsqlite3.tbd */ = {isa = PBXFileReference; lastKnownFileType = "sourcecode.text-based-dylib-definition"; name = libsqlite3.tbd; path = usr/lib/libsqlite3.tbd; sourceTree = SDKROOT; };
		8416E435220393C80032CB52 /* libsqlite3.0.tbd */ = {isa = PBXFileReference; lastKnownFileType = "sourcecode.text-based-dylib-definition"; name = libsqlite3.0.tbd; path = usr/lib/libsqlite3.0.tbd; sourceTree = SDKROOT; };
		8416E4372203AF730032CB52 /* ModelFirebaseDatabase.swift */ = {isa = PBXFileReference; lastKnownFileType = sourcecode.swift; name = ModelFirebaseDatabase.swift; path = "SmartListIOS/New Group/Firebase/ModelFirebaseDatabase.swift"; sourceTree = SOURCE_ROOT; };
		8416E4392203BDEF0032CB52 /* ModelSQL.swift */ = {isa = PBXFileReference; lastKnownFileType = sourcecode.swift; name = ModelSQL.swift; path = "SmartListIOS/New Group/SQLite/ModelSQL.swift"; sourceTree = SOURCE_ROOT; };
		8416E43B2203C1720032CB52 /* LastUpdateDates.swift */ = {isa = PBXFileReference; lastKnownFileType = sourcecode.swift; name = LastUpdateDates.swift; path = "SmartListIOS/New Group/SQLite/LastUpdateDates.swift"; sourceTree = SOURCE_ROOT; };
		8428D8B62221F39E00DCA44D /* NewGroupViewController.swift */ = {isa = PBXFileReference; lastKnownFileType = sourcecode.swift; path = NewGroupViewController.swift; sourceTree = "<group>"; };
		8429CA8C222322410048E1A3 /* GroupDetailsViewController.swift */ = {isa = PBXFileReference; lastKnownFileType = sourcecode.swift; path = GroupDetailsViewController.swift; sourceTree = "<group>"; };
		8429CA8E222327120048E1A3 /* ChecklistsViewController.swift */ = {isa = PBXFileReference; lastKnownFileType = sourcecode.swift; path = ChecklistsViewController.swift; sourceTree = "<group>"; };
		844792B42232713A005FC1FA /* MostGroupsListTableViewController.swift */ = {isa = PBXFileReference; lastKnownFileType = sourcecode.swift; path = MostGroupsListTableViewController.swift; sourceTree = "<group>"; };
		844792B6223271A0005FC1FA /* MyGroupsListTableViewController.swift */ = {isa = PBXFileReference; lastKnownFileType = sourcecode.swift; path = MyGroupsListTableViewController.swift; sourceTree = "<group>"; };
		844792BA22327456005FC1FA /* GroupsTabViewController.swift */ = {isa = PBXFileReference; lastKnownFileType = sourcecode.swift; path = GroupsTabViewController.swift; sourceTree = "<group>"; };
		844792BC2232811B005FC1FA /* LoggedUser.swift */ = {isa = PBXFileReference; lastKnownFileType = sourcecode.swift; path = LoggedUser.swift; sourceTree = "<group>"; };
		84558B2D21B32FC7005C3978 /* SmartListIOS.app */ = {isa = PBXFileReference; explicitFileType = wrapper.application; includeInIndex = 0; path = SmartListIOS.app; sourceTree = BUILT_PRODUCTS_DIR; };
		84558B3021B32FC8005C3978 /* AppDelegate.swift */ = {isa = PBXFileReference; lastKnownFileType = sourcecode.swift; path = AppDelegate.swift; sourceTree = "<group>"; };
		84558B3521B32FC8005C3978 /* Base */ = {isa = PBXFileReference; lastKnownFileType = file.storyboard; name = Base; path = Base.lproj/Main.storyboard; sourceTree = "<group>"; };
		84558B3721B32FCA005C3978 /* Assets.xcassets */ = {isa = PBXFileReference; lastKnownFileType = folder.assetcatalog; path = Assets.xcassets; sourceTree = "<group>"; };
		84558B3A21B32FCA005C3978 /* Base */ = {isa = PBXFileReference; lastKnownFileType = file.storyboard; name = Base; path = Base.lproj/LaunchScreen.storyboard; sourceTree = "<group>"; };
		84558B3C21B32FCA005C3978 /* Info.plist */ = {isa = PBXFileReference; lastKnownFileType = text.plist.xml; path = Info.plist; sourceTree = "<group>"; };
		84558B4121B32FCA005C3978 /* SmartListIOSTests.xctest */ = {isa = PBXFileReference; explicitFileType = wrapper.cfbundle; includeInIndex = 0; path = SmartListIOSTests.xctest; sourceTree = BUILT_PRODUCTS_DIR; };
		84558B4521B32FCA005C3978 /* SmartListIOSTests.swift */ = {isa = PBXFileReference; lastKnownFileType = sourcecode.swift; path = SmartListIOSTests.swift; sourceTree = "<group>"; };
		84558B4721B32FCA005C3978 /* Info.plist */ = {isa = PBXFileReference; lastKnownFileType = text.plist.xml; path = Info.plist; sourceTree = "<group>"; };
		84558B4C21B32FCA005C3978 /* SmartListIOSUITests.xctest */ = {isa = PBXFileReference; explicitFileType = wrapper.cfbundle; includeInIndex = 0; path = SmartListIOSUITests.xctest; sourceTree = BUILT_PRODUCTS_DIR; };
		84558B5021B32FCA005C3978 /* SmartListIOSUITests.swift */ = {isa = PBXFileReference; lastKnownFileType = sourcecode.swift; path = SmartListIOSUITests.swift; sourceTree = "<group>"; };
		84558B5221B32FCA005C3978 /* Info.plist */ = {isa = PBXFileReference; lastKnownFileType = text.plist.xml; path = Info.plist; sourceTree = "<group>"; };
		84558B5E21B33C28005C3978 /* HomePageViewController.swift */ = {isa = PBXFileReference; fileEncoding = 4; lastKnownFileType = sourcecode.swift; path = HomePageViewController.swift; sourceTree = "<group>"; };
		84558B5F21B33C28005C3978 /* SignInViewController.swift */ = {isa = PBXFileReference; fileEncoding = 4; lastKnownFileType = sourcecode.swift; path = SignInViewController.swift; sourceTree = "<group>"; };
		84558B6021B33C28005C3978 /* RegisterUserViewController.swift */ = {isa = PBXFileReference; fileEncoding = 4; lastKnownFileType = sourcecode.swift; path = RegisterUserViewController.swift; sourceTree = "<group>"; };
		84558B6421B34605005C3978 /* SwiftKeychainWrapper */ = {isa = PBXFileReference; lastKnownFileType = folder; name = SwiftKeychainWrapper; path = SwiftKeychainWrapper/SwiftKeychainWrapper; sourceTree = "<group>"; };
		8461A3BC2200C2ED0020AF92 /* BaseModelObject.swift */ = {isa = PBXFileReference; fileEncoding = 4; lastKnownFileType = sourcecode.swift; name = BaseModelObject.swift; path = SmartListIOS/DataObjects/BaseModelObject.swift; sourceTree = SOURCE_ROOT; };
		8461A3BD2200C2ED0020AF92 /* Groups.swift */ = {isa = PBXFileReference; fileEncoding = 4; lastKnownFileType = sourcecode.swift; name = Groups.swift; path = SmartListIOS/DataObjects/Groups.swift; sourceTree = SOURCE_ROOT; };
		8461A3BE2200C2ED0020AF92 /* GroupUsers.swift */ = {isa = PBXFileReference; fileEncoding = 4; lastKnownFileType = sourcecode.swift; name = GroupUsers.swift; path = SmartListIOS/DataObjects/GroupUsers.swift; sourceTree = SOURCE_ROOT; };
		8461A3BF2200C2ED0020AF92 /* Users.swift */ = {isa = PBXFileReference; fileEncoding = 4; lastKnownFileType = sourcecode.swift; name = Users.swift; path = SmartListIOS/DataObjects/Users.swift; sourceTree = SOURCE_ROOT; };
		846BED4921CF6AD80046DA0F /* GoogleService-Info.plist */ = {isa = PBXFileReference; fileEncoding = 4; lastKnownFileType = text.plist.xml; path = "GoogleService-Info.plist"; sourceTree = "<group>"; };
		84703EDF223551DB00DB2711 /* ReportedChecklistsViewController.swift */ = {isa = PBXFileReference; lastKnownFileType = sourcecode.swift; path = ReportedChecklistsViewController.swift; sourceTree = "<group>"; };
		84703EE1223577F900DB2711 /* ChecklistsTabViewController.swift */ = {isa = PBXFileReference; lastKnownFileType = sourcecode.swift; path = ChecklistsTabViewController.swift; sourceTree = "<group>"; };
		84714B8B22346349002296E8 /* ModelSQLChecklists.swift */ = {isa = PBXFileReference; lastKnownFileType = sourcecode.swift; path = ModelSQLChecklists.swift; sourceTree = "<group>"; };
		84714B8D22346E67002296E8 /* DataObjectFactory.swift */ = {isa = PBXFileReference; lastKnownFileType = sourcecode.swift; path = DataObjectFactory.swift; sourceTree = "<group>"; };
		84762984222B434A00006358 /* ChecklistsTableViewCell.swift */ = {isa = PBXFileReference; lastKnownFileType = sourcecode.swift; path = ChecklistsTableViewCell.swift; sourceTree = "<group>"; };
		847ADFFB220A436600B1CB09 /* GroupsTableViewCell.swift */ = {isa = PBXFileReference; lastKnownFileType = sourcecode.swift; path = GroupsTableViewCell.swift; sourceTree = "<group>"; };
		848037A0223702DB002EF536 /* ModelSQLChecklistItems.swift */ = {isa = PBXFileReference; lastKnownFileType = sourcecode.swift; path = ModelSQLChecklistItems.swift; sourceTree = "<group>"; };
		848037A3223708DC002EF536 /* ChecklistItemsViewController.swift */ = {isa = PBXFileReference; lastKnownFileType = sourcecode.swift; path = ChecklistItemsViewController.swift; sourceTree = "<group>"; };
		848037A5223774E2002EF536 /* ChecklistItemsTableViewCell.swift */ = {isa = PBXFileReference; lastKnownFileType = sourcecode.swift; path = ChecklistItemsTableViewCell.swift; sourceTree = "<group>"; };
		849EA8CF222729D400B0C3C6 /* Checklists.swift */ = {isa = PBXFileReference; lastKnownFileType = sourcecode.swift; path = Checklists.swift; sourceTree = "<group>"; };
		849EA8D1222729F500B0C3C6 /* ChecklistItems.swift */ = {isa = PBXFileReference; lastKnownFileType = sourcecode.swift; path = ChecklistItems.swift; sourceTree = "<group>"; };
		849EA8D322272B3900B0C3C6 /* Attributes.swift */ = {isa = PBXFileReference; lastKnownFileType = sourcecode.swift; path = Attributes.swift; sourceTree = "<group>"; };
		849EA8D522273B1500B0C3C6 /* UIImage.swift */ = {isa = PBXFileReference; lastKnownFileType = sourcecode.swift; path = UIImage.swift; sourceTree = "<group>"; };
		84CFC96221D231B1007DC3EC /* FirebaseUsersManager.swift */ = {isa = PBXFileReference; lastKnownFileType = sourcecode.swift; name = FirebaseUsersManager.swift; path = "SmartListIOS/New Group/Firebase/FirebaseUsersManager.swift"; sourceTree = SOURCE_ROOT; };
		84CFC96621D266B1007DC3EC /* Utils.swift */ = {isa = PBXFileReference; lastKnownFileType = sourcecode.swift; path = Utils.swift; sourceTree = "<group>"; };
		84CFC96821D268AC007DC3EC /* Indicator.swift */ = {isa = PBXFileReference; lastKnownFileType = sourcecode.swift; path = Indicator.swift; sourceTree = "<group>"; };
		84CFC96C21D28A82007DC3EC /* PrivateChecklistsViewController.swift */ = {isa = PBXFileReference; lastKnownFileType = sourcecode.swift; path = PrivateChecklistsViewController.swift; sourceTree = "<group>"; };
		84CFC97121D28BAD007DC3EC /* GroupsListTableViewController.swift */ = {isa = PBXFileReference; lastKnownFileType = sourcecode.swift; path = GroupsListTableViewController.swift; sourceTree = "<group>"; };
		84DF5A662209A11A00A92AB2 /* ModelSQLFactory.swift */ = {isa = PBXFileReference; lastKnownFileType = sourcecode.swift; path = ModelSQLFactory.swift; sourceTree = "<group>"; };
		84DF5A682209A58E00A92AB2 /* ModelSQLGroups.swift */ = {isa = PBXFileReference; lastKnownFileType = sourcecode.swift; path = ModelSQLGroups.swift; sourceTree = "<group>"; };
		84DF5A6A2209A75700A92AB2 /* IModelSQL.swift */ = {isa = PBXFileReference; lastKnownFileType = sourcecode.swift; path = IModelSQL.swift; sourceTree = "<group>"; };
		A90616A4A411FEFFCE0ABBDE /* Pods-SmartListIOSUITests.debug.xcconfig */ = {isa = PBXFileReference; includeInIndex = 1; lastKnownFileType = text.xcconfig; name = "Pods-SmartListIOSUITests.debug.xcconfig"; path = "Pods/Target Support Files/Pods-SmartListIOSUITests/Pods-SmartListIOSUITests.debug.xcconfig"; sourceTree = "<group>"; };
		C91213562B86680A83AD1068 /* Pods-SmartListIOS.debug.xcconfig */ = {isa = PBXFileReference; includeInIndex = 1; lastKnownFileType = text.xcconfig; name = "Pods-SmartListIOS.debug.xcconfig"; path = "Pods/Target Support Files/Pods-SmartListIOS/Pods-SmartListIOS.debug.xcconfig"; sourceTree = "<group>"; };
/* End PBXFileReference section */

/* Begin PBXFrameworksBuildPhase section */
		84558B2A21B32FC7005C3978 /* Frameworks */ = {
			isa = PBXFrameworksBuildPhase;
			buildActionMask = 2147483647;
			files = (
				8416E436220393C80032CB52 /* libsqlite3.0.tbd in Frameworks */,
				86777E48E7BC53071A22AF8A /* Pods_SmartListIOS.framework in Frameworks */,
			);
			runOnlyForDeploymentPostprocessing = 0;
		};
		84558B3E21B32FCA005C3978 /* Frameworks */ = {
			isa = PBXFrameworksBuildPhase;
			buildActionMask = 2147483647;
			files = (
				8BC5CDECD1B010562E03C30E /* Pods_SmartListIOSTests.framework in Frameworks */,
			);
			runOnlyForDeploymentPostprocessing = 0;
		};
		84558B4921B32FCA005C3978 /* Frameworks */ = {
			isa = PBXFrameworksBuildPhase;
			buildActionMask = 2147483647;
			files = (
				567F2556A80B796B534485D6 /* Pods_SmartListIOSUITests.framework in Frameworks */,
			);
			runOnlyForDeploymentPostprocessing = 0;
		};
/* End PBXFrameworksBuildPhase section */

/* Begin PBXGroup section */
		7EDB28E5DD5FDDE83AF2B78D /* Pods */ = {
			isa = PBXGroup;
			children = (
				C91213562B86680A83AD1068 /* Pods-SmartListIOS.debug.xcconfig */,
				5F486E37D411C215B6FD3D19 /* Pods-SmartListIOS.release.xcconfig */,
				1B57125E28EAB7396195523A /* Pods-SmartListIOSTests.debug.xcconfig */,
				15007024304768B87875BC2F /* Pods-SmartListIOSTests.release.xcconfig */,
				A90616A4A411FEFFCE0ABBDE /* Pods-SmartListIOSUITests.debug.xcconfig */,
				00BE77694E1393489B99546B /* Pods-SmartListIOSUITests.release.xcconfig */,
			);
			name = Pods;
			sourceTree = "<group>";
		};
		8400D28B21D1850B0070BDD6 /* Model */ = {
			isa = PBXGroup;
			children = (
				84DF5A6522099C6300A92AB2 /* Firebase */,
				84DF5A6422099C4300A92AB2 /* SQLite */,
				8400D29421D18F300070BDD6 /* IModel.swift */,
				8400D28E21D1859E0070BDD6 /* Model.swift */,
				8416E42E220385ED0032CB52 /* ModelNotification.swift */,
			);
			name = Model;
			path = "New Group";
			sourceTree = "<group>";
		};
		8429CA8B2223210F0048E1A3 /* Groups */ = {
			isa = PBXGroup;
			children = (
				844792BA22327456005FC1FA /* GroupsTabViewController.swift */,
				84CFC97121D28BAD007DC3EC /* GroupsListTableViewController.swift */,
				844792B42232713A005FC1FA /* MostGroupsListTableViewController.swift */,
				844792B6223271A0005FC1FA /* MyGroupsListTableViewController.swift */,
				8428D8B62221F39E00DCA44D /* NewGroupViewController.swift */,
				8429CA8C222322410048E1A3 /* GroupDetailsViewController.swift */,
				847ADFFB220A436600B1CB09 /* GroupsTableViewCell.swift */,
			);
			path = Groups;
			sourceTree = "<group>";
		};
		8429CA90222327170048E1A3 /* Checklist */ = {
			isa = PBXGroup;
			children = (
				84703EE1223577F900DB2711 /* ChecklistsTabViewController.swift */,
				8429CA8E222327120048E1A3 /* ChecklistsViewController.swift */,
				84CFC96C21D28A82007DC3EC /* PrivateChecklistsViewController.swift */,
				84703EDF223551DB00DB2711 /* ReportedChecklistsViewController.swift */,
				84762984222B434A00006358 /* ChecklistsTableViewCell.swift */,
			);
			path = Checklist;
			sourceTree = "<group>";
		};
		84558B2421B32FC7005C3978 = {
			isa = PBXGroup;
			children = (
				84558B6421B34605005C3978 /* SwiftKeychainWrapper */,
				84558B2F21B32FC7005C3978 /* SmartListIOS */,
				84558B4421B32FCA005C3978 /* SmartListIOSTests */,
				84558B4F21B32FCA005C3978 /* SmartListIOSUITests */,
				84558B2E21B32FC7005C3978 /* Products */,
				7EDB28E5DD5FDDE83AF2B78D /* Pods */,
				8688009BADFDCCB198DCA0CA /* Frameworks */,
			);
			sourceTree = "<group>";
		};
		84558B2E21B32FC7005C3978 /* Products */ = {
			isa = PBXGroup;
			children = (
				84558B2D21B32FC7005C3978 /* SmartListIOS.app */,
				84558B4121B32FCA005C3978 /* SmartListIOSTests.xctest */,
				84558B4C21B32FCA005C3978 /* SmartListIOSUITests.xctest */,
			);
			name = Products;
			sourceTree = "<group>";
		};
		84558B2F21B32FC7005C3978 /* SmartListIOS */ = {
			isa = PBXGroup;
			children = (
				8461A3BB2200C1D60020AF92 /* DataObjects */,
				84CFC97021D28B7D007DC3EC /* Views */,
				8400D28B21D1850B0070BDD6 /* Model */,
				84CFC96521D2665F007DC3EC /* Utils */,
				846BED4921CF6AD80046DA0F /* GoogleService-Info.plist */,
				84558B5E21B33C28005C3978 /* HomePageViewController.swift */,
				84558B3C21B32FCA005C3978 /* Info.plist */,
				84558B3021B32FC8005C3978 /* AppDelegate.swift */,
				84558B3721B32FCA005C3978 /* Assets.xcassets */,
				84558B3921B32FCA005C3978 /* LaunchScreen.storyboard */,
				84558B3421B32FC8005C3978 /* Main.storyboard */,
				8416E432220390590032CB52 /* SmartList-Bridging-Header.h */,
			);
			path = SmartListIOS;
			sourceTree = "<group>";
		};
		84558B4421B32FCA005C3978 /* SmartListIOSTests */ = {
			isa = PBXGroup;
			children = (
				84558B4521B32FCA005C3978 /* SmartListIOSTests.swift */,
				84558B4721B32FCA005C3978 /* Info.plist */,
			);
			path = SmartListIOSTests;
			sourceTree = "<group>";
		};
		84558B4F21B32FCA005C3978 /* SmartListIOSUITests */ = {
			isa = PBXGroup;
			children = (
				84558B5021B32FCA005C3978 /* SmartListIOSUITests.swift */,
				84558B5221B32FCA005C3978 /* Info.plist */,
			);
			path = SmartListIOSUITests;
			sourceTree = "<group>";
		};
		8461A3BB2200C1D60020AF92 /* DataObjects */ = {
			isa = PBXGroup;
			children = (
				8461A3BC2200C2ED0020AF92 /* BaseModelObject.swift */,
				8461A3BD2200C2ED0020AF92 /* Groups.swift */,
				8461A3BE2200C2ED0020AF92 /* GroupUsers.swift */,
				8461A3BF2200C2ED0020AF92 /* Users.swift */,
				849EA8CF222729D400B0C3C6 /* Checklists.swift */,
				849EA8D1222729F500B0C3C6 /* ChecklistItems.swift */,
				849EA8D322272B3900B0C3C6 /* Attributes.swift */,
				844792BC2232811B005FC1FA /* LoggedUser.swift */,
				84714B8D22346E67002296E8 /* DataObjectFactory.swift */,
			);
			path = DataObjects;
			sourceTree = "<group>";
		};
		848037A22237079C002EF536 /* ChecklistItems */ = {
			isa = PBXGroup;
			children = (
				848037A3223708DC002EF536 /* ChecklistItemsViewController.swift */,
				848037A5223774E2002EF536 /* ChecklistItemsTableViewCell.swift */,
			);
			path = ChecklistItems;
			sourceTree = "<group>";
		};
		84CFC96521D2665F007DC3EC /* Utils */ = {
			isa = PBXGroup;
			children = (
				84CFC96621D266B1007DC3EC /* Utils.swift */,
				84CFC96821D268AC007DC3EC /* Indicator.swift */,
				849EA8D522273B1500B0C3C6 /* UIImage.swift */,
			);
			path = Utils;
			sourceTree = "<group>";
		};
		84CFC97021D28B7D007DC3EC /* Views */ = {
			isa = PBXGroup;
			children = (
				84558B6021B33C28005C3978 /* RegisterUserViewController.swift */,
				84558B5F21B33C28005C3978 /* SignInViewController.swift */,
				8429CA8B2223210F0048E1A3 /* Groups */,
				8429CA90222327170048E1A3 /* Checklist */,
				848037A22237079C002EF536 /* ChecklistItems */,
			);
			path = Views;
			sourceTree = "<group>";
		};
		84DF5A6422099C4300A92AB2 /* SQLite */ = {
			isa = PBXGroup;
			children = (
				84DF5A6A2209A75700A92AB2 /* IModelSQL.swift */,
				8416E4392203BDEF0032CB52 /* ModelSQL.swift */,
				8416E43022038D410032CB52 /* ModelSqlDatabase.swift */,
				84DF5A662209A11A00A92AB2 /* ModelSQLFactory.swift */,
				84DF5A682209A58E00A92AB2 /* ModelSQLGroups.swift */,
				84714B8B22346349002296E8 /* ModelSQLChecklists.swift */,
				848037A0223702DB002EF536 /* ModelSQLChecklistItems.swift */,
				8416E43B2203C1720032CB52 /* LastUpdateDates.swift */,
			);
			path = SQLite;
			sourceTree = "<group>";
		};
		84DF5A6522099C6300A92AB2 /* Firebase */ = {
			isa = PBXGroup;
			children = (
				8400D29221D18EC70070BDD6 /* ModelFirebase.swift */,
				8416E4372203AF730032CB52 /* ModelFirebaseDatabase.swift */,
				84CFC96221D231B1007DC3EC /* FirebaseUsersManager.swift */,
			);
			path = Firebase;
			sourceTree = "<group>";
		};
		8688009BADFDCCB198DCA0CA /* Frameworks */ = {
			isa = PBXGroup;
			children = (
				8416E435220393C80032CB52 /* libsqlite3.0.tbd */,
				8416E433220393960032CB52 /* libsqlite3.tbd */,
				5ACE6054430ACA5251CAB63C /* Pods_SmartListIOS.framework */,
				7D0DAF9D2596AD18059745EF /* Pods_SmartListIOSTests.framework */,
				329F39389BAC4221994C6501 /* Pods_SmartListIOSUITests.framework */,
			);
			name = Frameworks;
			sourceTree = "<group>";
		};
/* End PBXGroup section */

/* Begin PBXNativeTarget section */
		84558B2C21B32FC7005C3978 /* SmartListIOS */ = {
			isa = PBXNativeTarget;
			buildConfigurationList = 84558B5521B32FCA005C3978 /* Build configuration list for PBXNativeTarget "SmartListIOS" */;
			buildPhases = (
				3F891E742EE93B3539B89D59 /* [CP] Check Pods Manifest.lock */,
				84558B2921B32FC7005C3978 /* Sources */,
				84558B2A21B32FC7005C3978 /* Frameworks */,
				84558B2B21B32FC7005C3978 /* Resources */,
				24932FB552DB2283CC0C2084 /* [CP] Embed Pods Frameworks */,
				AA101CC753327D7B9B8A5D5C /* [CP] Copy Pods Resources */,
			);
			buildRules = (
			);
			dependencies = (
			);
			name = SmartListIOS;
			productName = SmartListIOS;
			productReference = 84558B2D21B32FC7005C3978 /* SmartListIOS.app */;
			productType = "com.apple.product-type.application";
		};
		84558B4021B32FCA005C3978 /* SmartListIOSTests */ = {
			isa = PBXNativeTarget;
			buildConfigurationList = 84558B5821B32FCA005C3978 /* Build configuration list for PBXNativeTarget "SmartListIOSTests" */;
			buildPhases = (
				94B07818ECBA66F2167C4155 /* [CP] Check Pods Manifest.lock */,
				84558B3D21B32FCA005C3978 /* Sources */,
				84558B3E21B32FCA005C3978 /* Frameworks */,
				84558B3F21B32FCA005C3978 /* Resources */,
			);
			buildRules = (
			);
			dependencies = (
				84558B4321B32FCA005C3978 /* PBXTargetDependency */,
			);
			name = SmartListIOSTests;
			productName = SmartListIOSTests;
			productReference = 84558B4121B32FCA005C3978 /* SmartListIOSTests.xctest */;
			productType = "com.apple.product-type.bundle.unit-test";
		};
		84558B4B21B32FCA005C3978 /* SmartListIOSUITests */ = {
			isa = PBXNativeTarget;
			buildConfigurationList = 84558B5B21B32FCA005C3978 /* Build configuration list for PBXNativeTarget "SmartListIOSUITests" */;
			buildPhases = (
				2E842CBD518C59DEFECA513E /* [CP] Check Pods Manifest.lock */,
				84558B4821B32FCA005C3978 /* Sources */,
				84558B4921B32FCA005C3978 /* Frameworks */,
				84558B4A21B32FCA005C3978 /* Resources */,
			);
			buildRules = (
			);
			dependencies = (
				84558B4E21B32FCA005C3978 /* PBXTargetDependency */,
			);
			name = SmartListIOSUITests;
			productName = SmartListIOSUITests;
			productReference = 84558B4C21B32FCA005C3978 /* SmartListIOSUITests.xctest */;
			productType = "com.apple.product-type.bundle.ui-testing";
		};
/* End PBXNativeTarget section */

/* Begin PBXProject section */
		84558B2521B32FC7005C3978 /* Project object */ = {
			isa = PBXProject;
			attributes = {
				LastSwiftUpdateCheck = 1000;
				LastUpgradeCheck = 1000;
				ORGANIZATIONNAME = Aharon.Garada;
				TargetAttributes = {
					84558B2C21B32FC7005C3978 = {
						CreatedOnToolsVersion = 10.0;
					};
					84558B4021B32FCA005C3978 = {
						CreatedOnToolsVersion = 10.0;
						TestTargetID = 84558B2C21B32FC7005C3978;
					};
					84558B4B21B32FCA005C3978 = {
						CreatedOnToolsVersion = 10.0;
						TestTargetID = 84558B2C21B32FC7005C3978;
					};
				};
			};
			buildConfigurationList = 84558B2821B32FC7005C3978 /* Build configuration list for PBXProject "SmartListIOS" */;
			compatibilityVersion = "Xcode 9.3";
			developmentRegion = en;
			hasScannedForEncodings = 0;
			knownRegions = (
				en,
				Base,
			);
			mainGroup = 84558B2421B32FC7005C3978;
			productRefGroup = 84558B2E21B32FC7005C3978 /* Products */;
			projectDirPath = "";
			projectRoot = "";
			targets = (
				84558B2C21B32FC7005C3978 /* SmartListIOS */,
				84558B4021B32FCA005C3978 /* SmartListIOSTests */,
				84558B4B21B32FCA005C3978 /* SmartListIOSUITests */,
			);
		};
/* End PBXProject section */

/* Begin PBXResourcesBuildPhase section */
		84558B2B21B32FC7005C3978 /* Resources */ = {
			isa = PBXResourcesBuildPhase;
			buildActionMask = 2147483647;
			files = (
				84558B3B21B32FCA005C3978 /* LaunchScreen.storyboard in Resources */,
				846BED4A21CF6AD80046DA0F /* GoogleService-Info.plist in Resources */,
				84558B3821B32FCA005C3978 /* Assets.xcassets in Resources */,
				84558B3621B32FC8005C3978 /* Main.storyboard in Resources */,
			);
			runOnlyForDeploymentPostprocessing = 0;
		};
		84558B3F21B32FCA005C3978 /* Resources */ = {
			isa = PBXResourcesBuildPhase;
			buildActionMask = 2147483647;
			files = (
			);
			runOnlyForDeploymentPostprocessing = 0;
		};
		84558B4A21B32FCA005C3978 /* Resources */ = {
			isa = PBXResourcesBuildPhase;
			buildActionMask = 2147483647;
			files = (
			);
			runOnlyForDeploymentPostprocessing = 0;
		};
/* End PBXResourcesBuildPhase section */

/* Begin PBXShellScriptBuildPhase section */
		24932FB552DB2283CC0C2084 /* [CP] Embed Pods Frameworks */ = {
			isa = PBXShellScriptBuildPhase;
			buildActionMask = 2147483647;
			files = (
			);
			inputPaths = (
				"${SRCROOT}/Pods/Target Support Files/Pods-SmartListIOS/Pods-SmartListIOS-frameworks.sh",
				"${BUILT_PRODUCTS_DIR}/Bolts/Bolts.framework",
				"${BUILT_PRODUCTS_DIR}/BoringSSL/openssl.framework",
				"${BUILT_PRODUCTS_DIR}/FBSDKCoreKit/FBSDKCoreKit.framework",
				"${BUILT_PRODUCTS_DIR}/FBSDKLoginKit/FBSDKLoginKit.framework",
				"${BUILT_PRODUCTS_DIR}/GTMSessionFetcher/GTMSessionFetcher.framework",
				"${BUILT_PRODUCTS_DIR}/GoogleToolboxForMac/GoogleToolboxForMac.framework",
				"${BUILT_PRODUCTS_DIR}/GoogleUtilities/GoogleUtilities.framework",
				"${BUILT_PRODUCTS_DIR}/Protobuf/Protobuf.framework",
				"${BUILT_PRODUCTS_DIR}/SDWebImage/SDWebImage.framework",
				"${PODS_ROOT}/TwitterCore/iOS/TwitterCore.framework",
				"${PODS_ROOT}/TwitterKit/iOS/TwitterKit.framework",
				"${BUILT_PRODUCTS_DIR}/gRPC-C++/grpcpp.framework",
				"${BUILT_PRODUCTS_DIR}/gRPC-Core/grpc.framework",
				"${BUILT_PRODUCTS_DIR}/leveldb-library/leveldb.framework",
				"${BUILT_PRODUCTS_DIR}/nanopb/nanopb.framework",
			);
			name = "[CP] Embed Pods Frameworks";
			outputPaths = (
				"${TARGET_BUILD_DIR}/${FRAMEWORKS_FOLDER_PATH}/Bolts.framework",
				"${TARGET_BUILD_DIR}/${FRAMEWORKS_FOLDER_PATH}/openssl.framework",
				"${TARGET_BUILD_DIR}/${FRAMEWORKS_FOLDER_PATH}/FBSDKCoreKit.framework",
				"${TARGET_BUILD_DIR}/${FRAMEWORKS_FOLDER_PATH}/FBSDKLoginKit.framework",
				"${TARGET_BUILD_DIR}/${FRAMEWORKS_FOLDER_PATH}/GTMSessionFetcher.framework",
				"${TARGET_BUILD_DIR}/${FRAMEWORKS_FOLDER_PATH}/GoogleToolboxForMac.framework",
				"${TARGET_BUILD_DIR}/${FRAMEWORKS_FOLDER_PATH}/GoogleUtilities.framework",
				"${TARGET_BUILD_DIR}/${FRAMEWORKS_FOLDER_PATH}/Protobuf.framework",
				"${TARGET_BUILD_DIR}/${FRAMEWORKS_FOLDER_PATH}/SDWebImage.framework",
				"${TARGET_BUILD_DIR}/${FRAMEWORKS_FOLDER_PATH}/TwitterCore.framework",
				"${TARGET_BUILD_DIR}/${FRAMEWORKS_FOLDER_PATH}/TwitterKit.framework",
				"${TARGET_BUILD_DIR}/${FRAMEWORKS_FOLDER_PATH}/grpcpp.framework",
				"${TARGET_BUILD_DIR}/${FRAMEWORKS_FOLDER_PATH}/grpc.framework",
				"${TARGET_BUILD_DIR}/${FRAMEWORKS_FOLDER_PATH}/leveldb.framework",
				"${TARGET_BUILD_DIR}/${FRAMEWORKS_FOLDER_PATH}/nanopb.framework",
			);
			runOnlyForDeploymentPostprocessing = 0;
			shellPath = /bin/sh;
			shellScript = "\"${SRCROOT}/Pods/Target Support Files/Pods-SmartListIOS/Pods-SmartListIOS-frameworks.sh\"\n";
			showEnvVarsInLog = 0;
		};
		2E842CBD518C59DEFECA513E /* [CP] Check Pods Manifest.lock */ = {
			isa = PBXShellScriptBuildPhase;
			buildActionMask = 2147483647;
			files = (
			);
			inputPaths = (
				"${PODS_PODFILE_DIR_PATH}/Podfile.lock",
				"${PODS_ROOT}/Manifest.lock",
			);
			name = "[CP] Check Pods Manifest.lock";
			outputPaths = (
				"$(DERIVED_FILE_DIR)/Pods-SmartListIOSUITests-checkManifestLockResult.txt",
			);
			runOnlyForDeploymentPostprocessing = 0;
			shellPath = /bin/sh;
			shellScript = "diff \"${PODS_PODFILE_DIR_PATH}/Podfile.lock\" \"${PODS_ROOT}/Manifest.lock\" > /dev/null\nif [ $? != 0 ] ; then\n    # print error to STDERR\n    echo \"error: The sandbox is not in sync with the Podfile.lock. Run 'pod install' or update your CocoaPods installation.\" >&2\n    exit 1\nfi\n# This output is used by Xcode 'outputs' to avoid re-running this script phase.\necho \"SUCCESS\" > \"${SCRIPT_OUTPUT_FILE_0}\"\n";
			showEnvVarsInLog = 0;
		};
		3F891E742EE93B3539B89D59 /* [CP] Check Pods Manifest.lock */ = {
			isa = PBXShellScriptBuildPhase;
			buildActionMask = 2147483647;
			files = (
			);
			inputPaths = (
				"${PODS_PODFILE_DIR_PATH}/Podfile.lock",
				"${PODS_ROOT}/Manifest.lock",
			);
			name = "[CP] Check Pods Manifest.lock";
			outputPaths = (
				"$(DERIVED_FILE_DIR)/Pods-SmartListIOS-checkManifestLockResult.txt",
			);
			runOnlyForDeploymentPostprocessing = 0;
			shellPath = /bin/sh;
			shellScript = "diff \"${PODS_PODFILE_DIR_PATH}/Podfile.lock\" \"${PODS_ROOT}/Manifest.lock\" > /dev/null\nif [ $? != 0 ] ; then\n    # print error to STDERR\n    echo \"error: The sandbox is not in sync with the Podfile.lock. Run 'pod install' or update your CocoaPods installation.\" >&2\n    exit 1\nfi\n# This output is used by Xcode 'outputs' to avoid re-running this script phase.\necho \"SUCCESS\" > \"${SCRIPT_OUTPUT_FILE_0}\"\n";
			showEnvVarsInLog = 0;
		};
		94B07818ECBA66F2167C4155 /* [CP] Check Pods Manifest.lock */ = {
			isa = PBXShellScriptBuildPhase;
			buildActionMask = 2147483647;
			files = (
			);
			inputPaths = (
				"${PODS_PODFILE_DIR_PATH}/Podfile.lock",
				"${PODS_ROOT}/Manifest.lock",
			);
			name = "[CP] Check Pods Manifest.lock";
			outputPaths = (
				"$(DERIVED_FILE_DIR)/Pods-SmartListIOSTests-checkManifestLockResult.txt",
			);
			runOnlyForDeploymentPostprocessing = 0;
			shellPath = /bin/sh;
			shellScript = "diff \"${PODS_PODFILE_DIR_PATH}/Podfile.lock\" \"${PODS_ROOT}/Manifest.lock\" > /dev/null\nif [ $? != 0 ] ; then\n    # print error to STDERR\n    echo \"error: The sandbox is not in sync with the Podfile.lock. Run 'pod install' or update your CocoaPods installation.\" >&2\n    exit 1\nfi\n# This output is used by Xcode 'outputs' to avoid re-running this script phase.\necho \"SUCCESS\" > \"${SCRIPT_OUTPUT_FILE_0}\"\n";
			showEnvVarsInLog = 0;
		};
		AA101CC753327D7B9B8A5D5C /* [CP] Copy Pods Resources */ = {
			isa = PBXShellScriptBuildPhase;
			buildActionMask = 2147483647;
			files = (
			);
			inputPaths = (
				"${SRCROOT}/Pods/Target Support Files/Pods-SmartListIOS/Pods-SmartListIOS-resources.sh",
				"${PODS_CONFIGURATION_BUILD_DIR}/FirebaseFirestore/gRPCCertificates-Firestore.bundle",
				"${PODS_CONFIGURATION_BUILD_DIR}/FirebaseUI/FirebaseAnonymousAuthUI.bundle",
				"${PODS_CONFIGURATION_BUILD_DIR}/FirebaseUI/FirebaseAuthUI.bundle",
				"${PODS_CONFIGURATION_BUILD_DIR}/FirebaseUI/FirebaseFacebookAuthUI.bundle",
				"${PODS_CONFIGURATION_BUILD_DIR}/FirebaseUI/FirebaseGoogleAuthUI.bundle",
				"${PODS_CONFIGURATION_BUILD_DIR}/FirebaseUI/FirebasePhoneAuthUI.bundle",
				"${PODS_CONFIGURATION_BUILD_DIR}/FirebaseUI/FirebaseTwitterAuthUI.bundle",
				"${PODS_ROOT}/GoogleSignIn/Resources/GoogleSignIn.bundle",
				"${PODS_ROOT}/TwitterKit/iOS/TwitterKit.framework/TwitterKitResources.bundle",
			);
			name = "[CP] Copy Pods Resources";
			outputPaths = (
				"${TARGET_BUILD_DIR}/${UNLOCALIZED_RESOURCES_FOLDER_PATH}/gRPCCertificates-Firestore.bundle",
				"${TARGET_BUILD_DIR}/${UNLOCALIZED_RESOURCES_FOLDER_PATH}/FirebaseAnonymousAuthUI.bundle",
				"${TARGET_BUILD_DIR}/${UNLOCALIZED_RESOURCES_FOLDER_PATH}/FirebaseAuthUI.bundle",
				"${TARGET_BUILD_DIR}/${UNLOCALIZED_RESOURCES_FOLDER_PATH}/FirebaseFacebookAuthUI.bundle",
				"${TARGET_BUILD_DIR}/${UNLOCALIZED_RESOURCES_FOLDER_PATH}/FirebaseGoogleAuthUI.bundle",
				"${TARGET_BUILD_DIR}/${UNLOCALIZED_RESOURCES_FOLDER_PATH}/FirebasePhoneAuthUI.bundle",
				"${TARGET_BUILD_DIR}/${UNLOCALIZED_RESOURCES_FOLDER_PATH}/FirebaseTwitterAuthUI.bundle",
				"${TARGET_BUILD_DIR}/${UNLOCALIZED_RESOURCES_FOLDER_PATH}/GoogleSignIn.bundle",
				"${TARGET_BUILD_DIR}/${UNLOCALIZED_RESOURCES_FOLDER_PATH}/TwitterKitResources.bundle",
			);
			runOnlyForDeploymentPostprocessing = 0;
			shellPath = /bin/sh;
			shellScript = "\"${SRCROOT}/Pods/Target Support Files/Pods-SmartListIOS/Pods-SmartListIOS-resources.sh\"\n";
			showEnvVarsInLog = 0;
		};
/* End PBXShellScriptBuildPhase section */

/* Begin PBXSourcesBuildPhase section */
		84558B2921B32FC7005C3978 /* Sources */ = {
			isa = PBXSourcesBuildPhase;
			buildActionMask = 2147483647;
			files = (
				844792BD2232811B005FC1FA /* LoggedUser.swift in Sources */,
				84DF5A6B2209A75700A92AB2 /* IModelSQL.swift in Sources */,
				84CFC96921D268AC007DC3EC /* Indicator.swift in Sources */,
				8429CA8F222327120048E1A3 /* ChecklistsViewController.swift in Sources */,
				8400D28F21D1859E0070BDD6 /* Model.swift in Sources */,
				844792BB22327456005FC1FA /* GroupsTabViewController.swift in Sources */,
				8416E43122038D410032CB52 /* ModelSqlDatabase.swift in Sources */,
				84558B6321B33C28005C3978 /* RegisterUserViewController.swift in Sources */,
				844792B52232713A005FC1FA /* MostGroupsListTableViewController.swift in Sources */,
				84558B6221B33C28005C3978 /* SignInViewController.swift in Sources */,
				8416E4382203AF730032CB52 /* ModelFirebaseDatabase.swift in Sources */,
				849EA8D2222729F500B0C3C6 /* ChecklistItems.swift in Sources */,
				847ADFFC220A436600B1CB09 /* GroupsTableViewCell.swift in Sources */,
				84DF5A672209A11A00A92AB2 /* ModelSQLFactory.swift in Sources */,
				848037A6223774E2002EF536 /* ChecklistItemsTableViewCell.swift in Sources */,
				8416E42F220385ED0032CB52 /* ModelNotification.swift in Sources */,
				84703EE2223577F900DB2711 /* ChecklistsTabViewController.swift in Sources */,
				849EA8D622273B1500B0C3C6 /* UIImage.swift in Sources */,
				8429CA8D222322410048E1A3 /* GroupDetailsViewController.swift in Sources */,
				84CFC96321D231B1007DC3EC /* FirebaseUsersManager.swift in Sources */,
				8400D29521D18F300070BDD6 /* IModel.swift in Sources */,
				84703EE0223551DB00DB2711 /* ReportedChecklistsViewController.swift in Sources */,
				84CFC97221D28BAD007DC3EC /* GroupsListTableViewController.swift in Sources */,
				8461A3C02200C2ED0020AF92 /* BaseModelObject.swift in Sources */,
				849EA8D422272B3900B0C3C6 /* Attributes.swift in Sources */,
				84CFC96D21D28A82007DC3EC /* PrivateChecklistsViewController.swift in Sources */,
				8416E43A2203BDEF0032CB52 /* ModelSQL.swift in Sources */,
				8461A3C32200C2ED0020AF92 /* Users.swift in Sources */,
				849EA8D0222729D400B0C3C6 /* Checklists.swift in Sources */,
				84714B8E22346E67002296E8 /* DataObjectFactory.swift in Sources */,
				84DF5A692209A58E00A92AB2 /* ModelSQLGroups.swift in Sources */,
				8461A3C12200C2ED0020AF92 /* Groups.swift in Sources */,
				844792B7223271A0005FC1FA /* MyGroupsListTableViewController.swift in Sources */,
				84558B3121B32FC8005C3978 /* AppDelegate.swift in Sources */,
				84558B6121B33C28005C3978 /* HomePageViewController.swift in Sources */,
				8428D8B72221F39E00DCA44D /* NewGroupViewController.swift in Sources */,
				848037A4223708DC002EF536 /* ChecklistItemsViewController.swift in Sources */,
				8400D29321D18EC70070BDD6 /* ModelFirebase.swift in Sources */,
				8461A3C22200C2ED0020AF92 /* GroupUsers.swift in Sources */,
				848037A1223702DB002EF536 /* ModelSQLChecklistItems.swift in Sources */,
				84714B8C22346349002296E8 /* ModelSQLChecklists.swift in Sources */,
				8416E43C2203C1720032CB52 /* LastUpdateDates.swift in Sources */,
				84762985222B434A00006358 /* ChecklistsTableViewCell.swift in Sources */,
				84CFC96721D266B1007DC3EC /* Utils.swift in Sources */,
			);
			runOnlyForDeploymentPostprocessing = 0;
		};
		84558B3D21B32FCA005C3978 /* Sources */ = {
			isa = PBXSourcesBuildPhase;
			buildActionMask = 2147483647;
			files = (
				84558B4621B32FCA005C3978 /* SmartListIOSTests.swift in Sources */,
			);
			runOnlyForDeploymentPostprocessing = 0;
		};
		84558B4821B32FCA005C3978 /* Sources */ = {
			isa = PBXSourcesBuildPhase;
			buildActionMask = 2147483647;
			files = (
				84558B5121B32FCA005C3978 /* SmartListIOSUITests.swift in Sources */,
			);
			runOnlyForDeploymentPostprocessing = 0;
		};
/* End PBXSourcesBuildPhase section */

/* Begin PBXTargetDependency section */
		84558B4321B32FCA005C3978 /* PBXTargetDependency */ = {
			isa = PBXTargetDependency;
			target = 84558B2C21B32FC7005C3978 /* SmartListIOS */;
			targetProxy = 84558B4221B32FCA005C3978 /* PBXContainerItemProxy */;
		};
		84558B4E21B32FCA005C3978 /* PBXTargetDependency */ = {
			isa = PBXTargetDependency;
			target = 84558B2C21B32FC7005C3978 /* SmartListIOS */;
			targetProxy = 84558B4D21B32FCA005C3978 /* PBXContainerItemProxy */;
		};
/* End PBXTargetDependency section */

/* Begin PBXVariantGroup section */
		84558B3421B32FC8005C3978 /* Main.storyboard */ = {
			isa = PBXVariantGroup;
			children = (
				84558B3521B32FC8005C3978 /* Base */,
			);
			name = Main.storyboard;
			sourceTree = "<group>";
		};
		84558B3921B32FCA005C3978 /* LaunchScreen.storyboard */ = {
			isa = PBXVariantGroup;
			children = (
				84558B3A21B32FCA005C3978 /* Base */,
			);
			name = LaunchScreen.storyboard;
			sourceTree = "<group>";
		};
/* End PBXVariantGroup section */

/* Begin XCBuildConfiguration section */
		84558B5321B32FCA005C3978 /* Debug */ = {
			isa = XCBuildConfiguration;
			buildSettings = {
				ALWAYS_SEARCH_USER_PATHS = NO;
				CLANG_ANALYZER_NONNULL = YES;
				CLANG_ANALYZER_NUMBER_OBJECT_CONVERSION = YES_AGGRESSIVE;
				CLANG_CXX_LANGUAGE_STANDARD = "gnu++14";
				CLANG_CXX_LIBRARY = "libc++";
				CLANG_ENABLE_MODULES = YES;
				CLANG_ENABLE_OBJC_ARC = YES;
				CLANG_ENABLE_OBJC_WEAK = YES;
				CLANG_WARN_BLOCK_CAPTURE_AUTORELEASING = YES;
				CLANG_WARN_BOOL_CONVERSION = YES;
				CLANG_WARN_COMMA = YES;
				CLANG_WARN_CONSTANT_CONVERSION = YES;
				CLANG_WARN_DEPRECATED_OBJC_IMPLEMENTATIONS = YES;
				CLANG_WARN_DIRECT_OBJC_ISA_USAGE = YES_ERROR;
				CLANG_WARN_DOCUMENTATION_COMMENTS = YES;
				CLANG_WARN_EMPTY_BODY = YES;
				CLANG_WARN_ENUM_CONVERSION = YES;
				CLANG_WARN_INFINITE_RECURSION = YES;
				CLANG_WARN_INT_CONVERSION = YES;
				CLANG_WARN_NON_LITERAL_NULL_CONVERSION = YES;
				CLANG_WARN_OBJC_IMPLICIT_RETAIN_SELF = YES;
				CLANG_WARN_OBJC_LITERAL_CONVERSION = YES;
				CLANG_WARN_OBJC_ROOT_CLASS = YES_ERROR;
				CLANG_WARN_RANGE_LOOP_ANALYSIS = YES;
				CLANG_WARN_STRICT_PROTOTYPES = YES;
				CLANG_WARN_SUSPICIOUS_MOVE = YES;
				CLANG_WARN_UNGUARDED_AVAILABILITY = YES_AGGRESSIVE;
				CLANG_WARN_UNREACHABLE_CODE = YES;
				CLANG_WARN__DUPLICATE_METHOD_MATCH = YES;
				CODE_SIGN_IDENTITY = "iPhone Developer";
				COPY_PHASE_STRIP = NO;
				DEBUG_INFORMATION_FORMAT = dwarf;
				ENABLE_STRICT_OBJC_MSGSEND = YES;
				ENABLE_TESTABILITY = YES;
				GCC_C_LANGUAGE_STANDARD = gnu11;
				GCC_DYNAMIC_NO_PIC = NO;
				GCC_NO_COMMON_BLOCKS = YES;
				GCC_OPTIMIZATION_LEVEL = 0;
				GCC_PREPROCESSOR_DEFINITIONS = (
					"DEBUG=1",
					"$(inherited)",
				);
				GCC_WARN_64_TO_32_BIT_CONVERSION = YES;
				GCC_WARN_ABOUT_RETURN_TYPE = YES_ERROR;
				GCC_WARN_UNDECLARED_SELECTOR = YES;
				GCC_WARN_UNINITIALIZED_AUTOS = YES_AGGRESSIVE;
				GCC_WARN_UNUSED_FUNCTION = YES;
				GCC_WARN_UNUSED_VARIABLE = YES;
				IPHONEOS_DEPLOYMENT_TARGET = 12.0;
				MTL_ENABLE_DEBUG_INFO = INCLUDE_SOURCE;
				MTL_FAST_MATH = YES;
				ONLY_ACTIVE_ARCH = YES;
				SDKROOT = iphoneos;
				SWIFT_ACTIVE_COMPILATION_CONDITIONS = DEBUG;
				SWIFT_OPTIMIZATION_LEVEL = "-Onone";
			};
			name = Debug;
		};
		84558B5421B32FCA005C3978 /* Release */ = {
			isa = XCBuildConfiguration;
			buildSettings = {
				ALWAYS_SEARCH_USER_PATHS = NO;
				CLANG_ANALYZER_NONNULL = YES;
				CLANG_ANALYZER_NUMBER_OBJECT_CONVERSION = YES_AGGRESSIVE;
				CLANG_CXX_LANGUAGE_STANDARD = "gnu++14";
				CLANG_CXX_LIBRARY = "libc++";
				CLANG_ENABLE_MODULES = YES;
				CLANG_ENABLE_OBJC_ARC = YES;
				CLANG_ENABLE_OBJC_WEAK = YES;
				CLANG_WARN_BLOCK_CAPTURE_AUTORELEASING = YES;
				CLANG_WARN_BOOL_CONVERSION = YES;
				CLANG_WARN_COMMA = YES;
				CLANG_WARN_CONSTANT_CONVERSION = YES;
				CLANG_WARN_DEPRECATED_OBJC_IMPLEMENTATIONS = YES;
				CLANG_WARN_DIRECT_OBJC_ISA_USAGE = YES_ERROR;
				CLANG_WARN_DOCUMENTATION_COMMENTS = YES;
				CLANG_WARN_EMPTY_BODY = YES;
				CLANG_WARN_ENUM_CONVERSION = YES;
				CLANG_WARN_INFINITE_RECURSION = YES;
				CLANG_WARN_INT_CONVERSION = YES;
				CLANG_WARN_NON_LITERAL_NULL_CONVERSION = YES;
				CLANG_WARN_OBJC_IMPLICIT_RETAIN_SELF = YES;
				CLANG_WARN_OBJC_LITERAL_CONVERSION = YES;
				CLANG_WARN_OBJC_ROOT_CLASS = YES_ERROR;
				CLANG_WARN_RANGE_LOOP_ANALYSIS = YES;
				CLANG_WARN_STRICT_PROTOTYPES = YES;
				CLANG_WARN_SUSPICIOUS_MOVE = YES;
				CLANG_WARN_UNGUARDED_AVAILABILITY = YES_AGGRESSIVE;
				CLANG_WARN_UNREACHABLE_CODE = YES;
				CLANG_WARN__DUPLICATE_METHOD_MATCH = YES;
				CODE_SIGN_IDENTITY = "iPhone Developer";
				COPY_PHASE_STRIP = NO;
				DEBUG_INFORMATION_FORMAT = "dwarf-with-dsym";
				ENABLE_NS_ASSERTIONS = NO;
				ENABLE_STRICT_OBJC_MSGSEND = YES;
				GCC_C_LANGUAGE_STANDARD = gnu11;
				GCC_NO_COMMON_BLOCKS = YES;
				GCC_WARN_64_TO_32_BIT_CONVERSION = YES;
				GCC_WARN_ABOUT_RETURN_TYPE = YES_ERROR;
				GCC_WARN_UNDECLARED_SELECTOR = YES;
				GCC_WARN_UNINITIALIZED_AUTOS = YES_AGGRESSIVE;
				GCC_WARN_UNUSED_FUNCTION = YES;
				GCC_WARN_UNUSED_VARIABLE = YES;
				IPHONEOS_DEPLOYMENT_TARGET = 12.0;
				MTL_ENABLE_DEBUG_INFO = NO;
				MTL_FAST_MATH = YES;
				SDKROOT = iphoneos;
				SWIFT_COMPILATION_MODE = wholemodule;
				SWIFT_OPTIMIZATION_LEVEL = "-O";
				VALIDATE_PRODUCT = YES;
			};
			name = Release;
		};
		84558B5621B32FCA005C3978 /* Debug */ = {
			isa = XCBuildConfiguration;
			baseConfigurationReference = C91213562B86680A83AD1068 /* Pods-SmartListIOS.debug.xcconfig */;
			buildSettings = {
				ASSETCATALOG_COMPILER_APPICON_NAME = AppIcon;
				CODE_SIGN_STYLE = Automatic;
				DEFINES_MODULE = YES;
				DEVELOPMENT_TEAM = PR39FSJ7G8;
				INFOPLIST_FILE = SmartListIOS/Info.plist;
				IPHONEOS_DEPLOYMENT_TARGET = 11.4;
				LD_RUNPATH_SEARCH_PATHS = (
					"$(inherited)",
					"@executable_path/Frameworks",
				);
				PRODUCT_BUNDLE_IDENTIFIER = Aharon.SmartListIOS;
				PRODUCT_NAME = "$(TARGET_NAME)";
				SWIFT_OBJC_BRIDGING_HEADER = "SmartListIOS/SmartList-Bridging-Header.h";
				SWIFT_VERSION = 4.0;
				TARGETED_DEVICE_FAMILY = "1,2";
			};
			name = Debug;
		};
		84558B5721B32FCA005C3978 /* Release */ = {
			isa = XCBuildConfiguration;
			baseConfigurationReference = 5F486E37D411C215B6FD3D19 /* Pods-SmartListIOS.release.xcconfig */;
			buildSettings = {
				ASSETCATALOG_COMPILER_APPICON_NAME = AppIcon;
				CODE_SIGN_STYLE = Automatic;
				DEFINES_MODULE = YES;
				DEVELOPMENT_TEAM = PR39FSJ7G8;
				INFOPLIST_FILE = SmartListIOS/Info.plist;
				IPHONEOS_DEPLOYMENT_TARGET = 11.4;
				LD_RUNPATH_SEARCH_PATHS = (
					"$(inherited)",
					"@executable_path/Frameworks",
				);
				PRODUCT_BUNDLE_IDENTIFIER = Aharon.SmartListIOS;
				PRODUCT_NAME = "$(TARGET_NAME)";
				SWIFT_OBJC_BRIDGING_HEADER = "SmartListIOS/SmartList-Bridging-Header.h";
				SWIFT_VERSION = 4.0;
				TARGETED_DEVICE_FAMILY = "1,2";
			};
			name = Release;
		};
		84558B5921B32FCA005C3978 /* Debug */ = {
			isa = XCBuildConfiguration;
			baseConfigurationReference = 1B57125E28EAB7396195523A /* Pods-SmartListIOSTests.debug.xcconfig */;
			buildSettings = {
				ALWAYS_EMBED_SWIFT_STANDARD_LIBRARIES = YES;
				BUNDLE_LOADER = "$(TEST_HOST)";
				CODE_SIGN_STYLE = Automatic;
				INFOPLIST_FILE = SmartListIOSTests/Info.plist;
				LD_RUNPATH_SEARCH_PATHS = (
					"$(inherited)",
					"@executable_path/Frameworks",
					"@loader_path/Frameworks",
				);
				PRODUCT_BUNDLE_IDENTIFIER = Aharon.Garada.SmartListIOSTests;
				PRODUCT_NAME = "$(TARGET_NAME)";
				SWIFT_VERSION = 4.2;
				TARGETED_DEVICE_FAMILY = "1,2";
				TEST_HOST = "$(BUILT_PRODUCTS_DIR)/SmartListIOS.app/SmartListIOS";
			};
			name = Debug;
		};
		84558B5A21B32FCA005C3978 /* Release */ = {
			isa = XCBuildConfiguration;
			baseConfigurationReference = 15007024304768B87875BC2F /* Pods-SmartListIOSTests.release.xcconfig */;
			buildSettings = {
				ALWAYS_EMBED_SWIFT_STANDARD_LIBRARIES = YES;
				BUNDLE_LOADER = "$(TEST_HOST)";
				CODE_SIGN_STYLE = Automatic;
				INFOPLIST_FILE = SmartListIOSTests/Info.plist;
				LD_RUNPATH_SEARCH_PATHS = (
					"$(inherited)",
					"@executable_path/Frameworks",
					"@loader_path/Frameworks",
				);
				PRODUCT_BUNDLE_IDENTIFIER = Aharon.Garada.SmartListIOSTests;
				PRODUCT_NAME = "$(TARGET_NAME)";
				SWIFT_VERSION = 4.2;
				TARGETED_DEVICE_FAMILY = "1,2";
				TEST_HOST = "$(BUILT_PRODUCTS_DIR)/SmartListIOS.app/SmartListIOS";
			};
			name = Release;
		};
		84558B5C21B32FCA005C3978 /* Debug */ = {
			isa = XCBuildConfiguration;
			baseConfigurationReference = A90616A4A411FEFFCE0ABBDE /* Pods-SmartListIOSUITests.debug.xcconfig */;
			buildSettings = {
				ALWAYS_EMBED_SWIFT_STANDARD_LIBRARIES = YES;
				CODE_SIGN_STYLE = Automatic;
				INFOPLIST_FILE = SmartListIOSUITests/Info.plist;
				LD_RUNPATH_SEARCH_PATHS = (
					"$(inherited)",
					"@executable_path/Frameworks",
					"@loader_path/Frameworks",
				);
				PRODUCT_BUNDLE_IDENTIFIER = Aharon.Garada.SmartListIOSUITests;
				PRODUCT_NAME = "$(TARGET_NAME)";
				SWIFT_VERSION = 4.2;
				TARGETED_DEVICE_FAMILY = "1,2";
				TEST_TARGET_NAME = SmartListIOS;
			};
			name = Debug;
		};
		84558B5D21B32FCA005C3978 /* Release */ = {
			isa = XCBuildConfiguration;
			baseConfigurationReference = 00BE77694E1393489B99546B /* Pods-SmartListIOSUITests.release.xcconfig */;
			buildSettings = {
				ALWAYS_EMBED_SWIFT_STANDARD_LIBRARIES = YES;
				CODE_SIGN_STYLE = Automatic;
				INFOPLIST_FILE = SmartListIOSUITests/Info.plist;
				LD_RUNPATH_SEARCH_PATHS = (
					"$(inherited)",
					"@executable_path/Frameworks",
					"@loader_path/Frameworks",
				);
				PRODUCT_BUNDLE_IDENTIFIER = Aharon.Garada.SmartListIOSUITests;
				PRODUCT_NAME = "$(TARGET_NAME)";
				SWIFT_VERSION = 4.2;
				TARGETED_DEVICE_FAMILY = "1,2";
				TEST_TARGET_NAME = SmartListIOS;
			};
			name = Release;
		};
/* End XCBuildConfiguration section */

/* Begin XCConfigurationList section */
		84558B2821B32FC7005C3978 /* Build configuration list for PBXProject "SmartListIOS" */ = {
			isa = XCConfigurationList;
			buildConfigurations = (
				84558B5321B32FCA005C3978 /* Debug */,
				84558B5421B32FCA005C3978 /* Release */,
			);
			defaultConfigurationIsVisible = 0;
			defaultConfigurationName = Release;
		};
		84558B5521B32FCA005C3978 /* Build configuration list for PBXNativeTarget "SmartListIOS" */ = {
			isa = XCConfigurationList;
			buildConfigurations = (
				84558B5621B32FCA005C3978 /* Debug */,
				84558B5721B32FCA005C3978 /* Release */,
			);
			defaultConfigurationIsVisible = 0;
			defaultConfigurationName = Release;
		};
		84558B5821B32FCA005C3978 /* Build configuration list for PBXNativeTarget "SmartListIOSTests" */ = {
			isa = XCConfigurationList;
			buildConfigurations = (
				84558B5921B32FCA005C3978 /* Debug */,
				84558B5A21B32FCA005C3978 /* Release */,
			);
			defaultConfigurationIsVisible = 0;
			defaultConfigurationName = Release;
		};
		84558B5B21B32FCA005C3978 /* Build configuration list for PBXNativeTarget "SmartListIOSUITests" */ = {
			isa = XCConfigurationList;
			buildConfigurations = (
				84558B5C21B32FCA005C3978 /* Debug */,
				84558B5D21B32FCA005C3978 /* Release */,
			);
			defaultConfigurationIsVisible = 0;
			defaultConfigurationName = Release;
		};
/* End XCConfigurationList section */
	};
	rootObject = 84558B2521B32FC7005C3978 /* Project object */;
}
